
Microsoft Visual Studio Solution File, Format Version 12.00
# Visual Studio Version 16
VisualStudioVersion = 16.0.30711.63
MinimumVisualStudioVersion = 10.0.40219.1
Project("{FAE04EC0-301F-11D3-BF4B-00C04F79EFBC}") = "Chest.Web", "Chest.Web\Chest.Web.csproj", "{15B24351-BF40-4A7C-8A82-C411854493DC}"
EndProject
Project("{FAE04EC0-301F-11D3-BF4B-00C04F79EFBC}") = "Chest.BLL", "Chest.BLL\Chest.BLL.csproj", "{DA2C9BFE-9015-4DC4-BEBD-0EBA6CD97F45}"
EndProject
Project("{FAE04EC0-301F-11D3-BF4B-00C04F79EFBC}") = "Chest.DAL", "Chest.DAL\Chest.DAL.csproj", "{C15035E5-C010-48C9-A80D-02DB66BAAB8D}"
EndProject
Project("{FAE04EC0-301F-11D3-BF4B-00C04F79EFBC}") = "Chest.Models", "Chest.Models\Chest.Models.csproj", "{D2475D5B-A566-4E97-A6FE-410772922D6A}"
EndProject
Project("{FAE04EC0-301F-11D3-BF4B-00C04F79EFBC}") = "Chest.API", "Chest.API\Chest.API.csproj", "{639DE880-4130-4720-925B-41F4703C42D8}"
EndProject
Global
	GlobalSection(SolutionConfigurationPlatforms) = preSolution
		Debug|Any CPU = Debug|Any CPU
		Release|Any CPU = Release|Any CPU
	EndGlobalSection
	GlobalSection(ProjectConfigurationPlatforms) = postSolution
		{15B24351-BF40-4A7C-8A82-C411854493DC}.Debug|Any CPU.ActiveCfg = Debug|Any CPU
		{15B24351-BF40-4A7C-8A82-C411854493DC}.Debug|Any CPU.Build.0 = Debug|Any CPU
		{15B24351-BF40-4A7C-8A82-C411854493DC}.Release|Any CPU.ActiveCfg = Release|Any CPU
		{15B24351-BF40-4A7C-8A82-C411854493DC}.Release|Any CPU.Build.0 = Release|Any CPU
		{DA2C9BFE-9015-4DC4-BEBD-0EBA6CD97F45}.Debug|Any CPU.ActiveCfg = Debug|Any CPU
		{DA2C9BFE-9015-4DC4-BEBD-0EBA6CD97F45}.Debug|Any CPU.Build.0 = Debug|Any CPU
		{DA2C9BFE-9015-4DC4-BEBD-0EBA6CD97F45}.Release|Any CPU.ActiveCfg = Release|Any CPU
		{DA2C9BFE-9015-4DC4-BEBD-0EBA6CD97F45}.Release|Any CPU.Build.0 = Release|Any CPU
		{C15035E5-C010-48C9-A80D-02DB66BAAB8D}.Debug|Any CPU.ActiveCfg = Debug|Any CPU
		{C15035E5-C010-48C9-A80D-02DB66BAAB8D}.Debug|Any CPU.Build.0 = Debug|Any CPU
		{C15035E5-C010-48C9-A80D-02DB66BAAB8D}.Release|Any CPU.ActiveCfg = Release|Any CPU
		{C15035E5-C010-48C9-A80D-02DB66BAAB8D}.Release|Any CPU.Build.0 = Release|Any CPU
		{D2475D5B-A566-4E97-A6FE-410772922D6A}.Debug|Any CPU.ActiveCfg = Debug|Any CPU
		{D2475D5B-A566-4E97-A6FE-410772922D6A}.Debug|Any CPU.Build.0 = Debug|Any CPU
		{D2475D5B-A566-4E97-A6FE-410772922D6A}.Release|Any CPU.ActiveCfg = Release|Any CPU
		{D2475D5B-A566-4E97-A6FE-410772922D6A}.Release|Any CPU.Build.0 = Release|Any CPU
		{639DE880-4130-4720-925B-41F4703C42D8}.Debug|Any CPU.ActiveCfg = Debug|Any CPU
		{639DE880-4130-4720-925B-41F4703C42D8}.Debug|Any CPU.Build.0 = Debug|Any CPU
		{639DE880-4130-4720-925B-41F4703C42D8}.Release|Any CPU.ActiveCfg = Release|Any CPU
		{639DE880-4130-4720-925B-41F4703C42D8}.Release|Any CPU.Build.0 = Release|Any CPU
	EndGlobalSection
	GlobalSection(SolutionProperties) = preSolution
		HideSolutionNode = FALSE
	EndGlobalSection
	GlobalSection(ExtensibilityGlobals) = postSolution
		SolutionGuid = {587B35B1-4822-4DE0-836E-D128D50A590C}
	EndGlobalSection
EndGlobal
